
Microsoft Visual Studio Solution File, Format Version 12.00
# Visual Studio Version 17
VisualStudioVersion = 17.10.34916.146
MinimumVisualStudioVersion = 10.0.40219.1
Project("{FAE04EC0-301F-11D3-BF4B-00C04F79EFBC}") = "OOPJ_Sedmica5C", "OOPJ_Sedmica5C\OOPJ_Sedmica5C.csproj", "{12E69139-F460-44AD-AF8B-F94C1A97253D}"
EndProject
Project("{FAE04EC0-301F-11D3-BF4B-00C04F79EFBC}") = "Zadatak1S", "Zadatak1S\Zadatak1S.csproj", "{B54846A9-1867-49EF-BE2B-F5E6E9196A0C}"
EndProject
Project("{FAE04EC0-301F-11D3-BF4B-00C04F79EFBC}") = "Zadatak2S", "Zadatak2S\Zadatak2S.csproj", "{A4769051-97F5-4133-AD9E-67675AA0E062}"
EndProject
Project("{FAE04EC0-301F-11D3-BF4B-00C04F79EFBC}") = "Zadatak3S", "Zadatak3S\Zadatak3S.csproj", "{59B24685-CCBC-44D0-BADB-1C41F47A4AB6}"
EndProject
Global
	GlobalSection(SolutionConfigurationPlatforms) = preSolution
		Debug|Any CPU = Debug|Any CPU
		Release|Any CPU = Release|Any CPU
	EndGlobalSection
	GlobalSection(ProjectConfigurationPlatforms) = postSolution
		{12E69139-F460-44AD-AF8B-F94C1A97253D}.Debug|Any CPU.ActiveCfg = Debug|Any CPU
		{12E69139-F460-44AD-AF8B-F94C1A97253D}.Debug|Any CPU.Build.0 = Debug|Any CPU
		{12E69139-F460-44AD-AF8B-F94C1A97253D}.Release|Any CPU.ActiveCfg = Release|Any CPU
		{12E69139-F460-44AD-AF8B-F94C1A97253D}.Release|Any CPU.Build.0 = Release|Any CPU
		{B54846A9-1867-49EF-BE2B-F5E6E9196A0C}.Debug|Any CPU.ActiveCfg = Debug|Any CPU
		{B54846A9-1867-49EF-BE2B-F5E6E9196A0C}.Debug|Any CPU.Build.0 = Debug|Any CPU
		{B54846A9-1867-49EF-BE2B-F5E6E9196A0C}.Release|Any CPU.ActiveCfg = Release|Any CPU
		{B54846A9-1867-49EF-BE2B-F5E6E9196A0C}.Release|Any CPU.Build.0 = Release|Any CPU
		{A4769051-97F5-4133-AD9E-67675AA0E062}.Debug|Any CPU.ActiveCfg = Debug|Any CPU
		{A4769051-97F5-4133-AD9E-67675AA0E062}.Debug|Any CPU.Build.0 = Debug|Any CPU
		{A4769051-97F5-4133-AD9E-67675AA0E062}.Release|Any CPU.ActiveCfg = Release|Any CPU
		{A4769051-97F5-4133-AD9E-67675AA0E062}.Release|Any CPU.Build.0 = Release|Any CPU
		{59B24685-CCBC-44D0-BADB-1C41F47A4AB6}.Debug|Any CPU.ActiveCfg = Debug|Any CPU
		{59B24685-CCBC-44D0-BADB-1C41F47A4AB6}.Debug|Any CPU.Build.0 = Debug|Any CPU
		{59B24685-CCBC-44D0-BADB-1C41F47A4AB6}.Release|Any CPU.ActiveCfg = Release|Any CPU
		{59B24685-CCBC-44D0-BADB-1C41F47A4AB6}.Release|Any CPU.Build.0 = Release|Any CPU
	EndGlobalSection
	GlobalSection(SolutionProperties) = preSolution
		HideSolutionNode = FALSE
	EndGlobalSection
	GlobalSection(ExtensibilityGlobals) = postSolution
		SolutionGuid = {80BA78EA-429B-4AFE-BFDA-D71A2E8F7A75}
	EndGlobalSection
EndGlobal
